// !$*UTF8*$!
{
	archiveVersion = 1;
	classes = {
	};
	objectVersion = 48;
	objects = {

/* Begin PBXBuildFile section */
		782BDFE1CE899062048B82B4 /* libPods-MyPod.a in Frameworks */ = {isa = PBXBuildFile; fileRef = 13F6B06EACD819382EB96325 /* libPods-MyPod.a */; };
		D131A2D0204EDD050059DD00 /* CallOther.m in Sources */ = {isa = PBXBuildFile; fileRef = D131A2CB204EDD040059DD00 /* CallOther.m */; };
		D131A2D1204EDD050059DD00 /* HelloPod.m in Sources */ = {isa = PBXBuildFile; fileRef = D131A2CF204EDD040059DD00 /* HelloPod.m */; };
		D1457A9A20497FAA0038ED26 /* AppDelegate.m in Sources */ = {isa = PBXBuildFile; fileRef = D1457A9920497FAA0038ED26 /* AppDelegate.m */; };
		D1457A9D20497FAA0038ED26 /* ViewController.m in Sources */ = {isa = PBXBuildFile; fileRef = D1457A9C20497FAA0038ED26 /* ViewController.m */; };
		D1457AA020497FAA0038ED26 /* Main.storyboard in Resources */ = {isa = PBXBuildFile; fileRef = D1457A9E20497FAA0038ED26 /* Main.storyboard */; };
		D1457AA220497FAA0038ED26 /* Assets.xcassets in Resources */ = {isa = PBXBuildFile; fileRef = D1457AA120497FAA0038ED26 /* Assets.xcassets */; };
		D1457AA520497FAA0038ED26 /* LaunchScreen.storyboard in Resources */ = {isa = PBXBuildFile; fileRef = D1457AA320497FAA0038ED26 /* LaunchScreen.storyboard */; };
		D1457AA820497FAA0038ED26 /* main.m in Sources */ = {isa = PBXBuildFile; fileRef = D1457AA720497FAA0038ED26 /* main.m */; };
/* End PBXBuildFile section */

/* Begin PBXFileReference section */
		13F6B06EACD819382EB96325 /* libPods-MyPod.a */ = {isa = PBXFileReference; explicitFileType = archive.ar; includeInIndex = 0; path = "libPods-MyPod.a"; sourceTree = BUILT_PRODUCTS_DIR; };
		14D1D1647C28137A6CEBC4E2 /* Pods-MyPod.release.xcconfig */ = {isa = PBXFileReference; includeInIndex = 1; lastKnownFileType = text.xcconfig; name = "Pods-MyPod.release.xcconfig"; path = "Pods/Target Support Files/Pods-MyPod/Pods-MyPod.release.xcconfig"; sourceTree = "<group>"; };
		8A97C428BFA13925EC5DAD02 /* Pods-MyPod.debug.xcconfig */ = {isa = PBXFileReference; includeInIndex = 1; lastKnownFileType = text.xcconfig; name = "Pods-MyPod.debug.xcconfig"; path = "Pods/Target Support Files/Pods-MyPod/Pods-MyPod.debug.xcconfig"; sourceTree = "<group>"; };
		D131A29C204D5EAF0059DD00 /* MyHeaders.h */ = {isa = PBXFileReference; lastKnownFileType = sourcecode.c.h; path = MyHeaders.h; sourceTree = "<group>"; };
		D131A2CB204EDD040059DD00 /* CallOther.m */ = {isa = PBXFileReference; fileEncoding = 4; lastKnownFileType = sourcecode.c.objc; path = CallOther.m; sourceTree = "<group>"; };
		D131A2CC204EDD040059DD00 /* Define.h */ = {isa = PBXFileReference; fileEncoding = 4; lastKnownFileType = sourcecode.c.h; path = Define.h; sourceTree = "<group>"; };
		D131A2CD204EDD040059DD00 /* HelloPod.h */ = {isa = PBXFileReference; fileEncoding = 4; lastKnownFileType = sourcecode.c.h; path = HelloPod.h; sourceTree = "<group>"; };
		D131A2CE204EDD040059DD00 /* CallOther.h */ = {isa = PBXFileReference; fileEncoding = 4; lastKnownFileType = sourcecode.c.h; path = CallOther.h; sourceTree = "<group>"; };
		D131A2CF204EDD040059DD00 /* HelloPod.m */ = {isa = PBXFileReference; fileEncoding = 4; lastKnownFileType = sourcecode.c.objc; path = HelloPod.m; sourceTree = "<group>"; };
		D1457A9520497FAA0038ED26 /* MyPod.app */ = {isa = PBXFileReference; explicitFileType = wrapper.application; includeInIndex = 0; path = MyPod.app; sourceTree = BUILT_PRODUCTS_DIR; };
		D1457A9820497FAA0038ED26 /* AppDelegate.h */ = {isa = PBXFileReference; lastKnownFileType = sourcecode.c.h; path = AppDelegate.h; sourceTree = "<group>"; };
		D1457A9920497FAA0038ED26 /* AppDelegate.m */ = {isa = PBXFileReference; lastKnownFileType = sourcecode.c.objc; path = AppDelegate.m; sourceTree = "<group>"; };
		D1457A9B20497FAA0038ED26 /* ViewController.h */ = {isa = PBXFileReference; lastKnownFileType = sourcecode.c.h; path = ViewController.h; sourceTree = "<group>"; };
		D1457A9C20497FAA0038ED26 /* ViewController.m */ = {isa = PBXFileReference; lastKnownFileType = sourcecode.c.objc; path = ViewController.m; sourceTree = "<group>"; };
		D1457A9F20497FAA0038ED26 /* Base */ = {isa = PBXFileReference; lastKnownFileType = file.storyboard; name = Base; path = Base.lproj/Main.storyboard; sourceTree = "<group>"; };
		D1457AA120497FAA0038ED26 /* Assets.xcassets */ = {isa = PBXFileReference; lastKnownFileType = folder.assetcatalog; path = Assets.xcassets; sourceTree = "<group>"; };
		D1457AA420497FAA0038ED26 /* Base */ = {isa = PBXFileReference; lastKnownFileType = file.storyboard; name = Base; path = Base.lproj/LaunchScreen.storyboard; sourceTree = "<group>"; };
		D1457AA620497FAA0038ED26 /* Info.plist */ = {isa = PBXFileReference; lastKnownFileType = text.plist.xml; path = Info.plist; sourceTree = "<group>"; };
		D1457AA720497FAA0038ED26 /* main.m */ = {isa = PBXFileReference; lastKnownFileType = sourcecode.c.objc; path = main.m; sourceTree = "<group>"; };
/* End PBXFileReference section */

/* Begin PBXFrameworksBuildPhase section */
		D1457A9220497FAA0038ED26 /* Frameworks */ = {
			isa = PBXFrameworksBuildPhase;
			buildActionMask = 2147483647;
			files = (
				782BDFE1CE899062048B82B4 /* libPods-MyPod.a in Frameworks */,
			);
			runOnlyForDeploymentPostprocessing = 0;
		};
/* End PBXFrameworksBuildPhase section */

/* Begin PBXGroup section */
		269F9E7E8FFF0688A4074228 /* Frameworks */ = {
			isa = PBXGroup;
			children = (
				13F6B06EACD819382EB96325 /* libPods-MyPod.a */,
			);
			name = Frameworks;
			sourceTree = "<group>";
		};
		D131A2CA204EDD040059DD00 /* MCM */ = {
			isa = PBXGroup;
			children = (
				D131A2CB204EDD040059DD00 /* CallOther.m */,
				D131A2CC204EDD040059DD00 /* Define.h */,
				D131A2CD204EDD040059DD00 /* HelloPod.h */,
				D131A2CE204EDD040059DD00 /* CallOther.h */,
				D131A2CF204EDD040059DD00 /* HelloPod.m */,
			);
			path = MCM;
			sourceTree = "<group>";
		};
		D1457A8C20497FAA0038ED26 = {
			isa = PBXGroup;
			children = (
				D1A4FBD22049AE4B00A23021 /* ElemPod */,
				D1457A9720497FAA0038ED26 /* MyPod */,
				D1457A9620497FAA0038ED26 /* Products */,
				D93B3451FC49FB05F524D0D4 /* Pods */,
				269F9E7E8FFF0688A4074228 /* Frameworks */,
			);
			sourceTree = "<group>";
		};
		D1457A9620497FAA0038ED26 /* Products */ = {
			isa = PBXGroup;
			children = (
				D1457A9520497FAA0038ED26 /* MyPod.app */,
			);
			name = Products;
			sourceTree = "<group>";
		};
		D1457A9720497FAA0038ED26 /* MyPod */ = {
			isa = PBXGroup;
			children = (
				D1457A9820497FAA0038ED26 /* AppDelegate.h */,
				D1457A9920497FAA0038ED26 /* AppDelegate.m */,
				D1457A9B20497FAA0038ED26 /* ViewController.h */,
				D1457A9C20497FAA0038ED26 /* ViewController.m */,
				D1457A9E20497FAA0038ED26 /* Main.storyboard */,
				D1457AA120497FAA0038ED26 /* Assets.xcassets */,
				D1457AA320497FAA0038ED26 /* LaunchScreen.storyboard */,
				D1457AA620497FAA0038ED26 /* Info.plist */,
				D1457AA720497FAA0038ED26 /* main.m */,
			);
			path = MyPod;
			sourceTree = "<group>";
		};
		D1A4FBD22049AE4B00A23021 /* ElemPod */ = {
			isa = PBXGroup;
			children = (
				D1A4FBD82049B3EE00A23021 /* Classes */,
			);
			path = ElemPod;
			sourceTree = "<group>";
		};
		D1A4FBD82049B3EE00A23021 /* Classes */ = {
			isa = PBXGroup;
			children = (
				D131A2CA204EDD040059DD00 /* MCM */,
				D131A29C204D5EAF0059DD00 /* MyHeaders.h */,
			);
			path = Classes;
			sourceTree = "<group>";
		};
		D93B3451FC49FB05F524D0D4 /* Pods */ = {
			isa = PBXGroup;
			children = (
				8A97C428BFA13925EC5DAD02 /* Pods-MyPod.debug.xcconfig */,
				14D1D1647C28137A6CEBC4E2 /* Pods-MyPod.release.xcconfig */,
			);
			name = Pods;
			sourceTree = "<group>";
		};
/* End PBXGroup section */

/* Begin PBXNativeTarget section */
		D1457A9420497FAA0038ED26 /* MyPod */ = {
			isa = PBXNativeTarget;
			buildConfigurationList = D1457AAB20497FAA0038ED26 /* Build configuration list for PBXNativeTarget "MyPod" */;
			buildPhases = (
				535656F7CBF799331E4C4F72 /* [CP] Check Pods Manifest.lock */,
				D1457A9120497FAA0038ED26 /* Sources */,
				D1457A9220497FAA0038ED26 /* Frameworks */,
				D1457A9320497FAA0038ED26 /* Resources */,
				CAA9D4A9B008FBEBE807705A /* [CP] Embed Pods Frameworks */,
				0350EBC13781E7C67411CC6E /* [CP] Copy Pods Resources */,
			);
			buildRules = (
			);
			dependencies = (
			);
			name = MyPod;
			productName = MyPod;
			productReference = D1457A9520497FAA0038ED26 /* MyPod.app */;
			productType = "com.apple.product-type.application";
		};
/* End PBXNativeTarget section */

/* Begin PBXProject section */
		D1457A8D20497FAA0038ED26 /* Project object */ = {
			isa = PBXProject;
			attributes = {
				LastUpgradeCheck = 0920;
				ORGANIZATIONNAME = "La Poste";
				TargetAttributes = {
					D1457A9420497FAA0038ED26 = {
						CreatedOnToolsVersion = 9.2;
						LastSwiftMigration = 0920;
						ProvisioningStyle = Automatic;
					};
				};
			};
			buildConfigurationList = D1457A9020497FAA0038ED26 /* Build configuration list for PBXProject "MyPod" */;
			compatibilityVersion = "Xcode 8.0";
			developmentRegion = en;
			hasScannedForEncodings = 0;
			knownRegions = (
				en,
				Base,
			);
			mainGroup = D1457A8C20497FAA0038ED26;
			productRefGroup = D1457A9620497FAA0038ED26 /* Products */;
			projectDirPath = "";
			projectRoot = "";
			targets = (
				D1457A9420497FAA0038ED26 /* MyPod */,
			);
		};
/* End PBXProject section */

/* Begin PBXResourcesBuildPhase section */
		D1457A9320497FAA0038ED26 /* Resources */ = {
			isa = PBXResourcesBuildPhase;
			buildActionMask = 2147483647;
			files = (
				D1457AA520497FAA0038ED26 /* LaunchScreen.storyboard in Resources */,
				D1457AA220497FAA0038ED26 /* Assets.xcassets in Resources */,
				D1457AA020497FAA0038ED26 /* Main.storyboard in Resources */,
			);
			runOnlyForDeploymentPostprocessing = 0;
		};
/* End PBXResourcesBuildPhase section */

/* Begin PBXShellScriptBuildPhase section */
		0350EBC13781E7C67411CC6E /* [CP] Copy Pods Resources */ = {
			isa = PBXShellScriptBuildPhase;
			buildActionMask = 2147483647;
			files = (
			);
			inputPaths = (
			);
			name = "[CP] Copy Pods Resources";
			outputPaths = (
			);
			runOnlyForDeploymentPostprocessing = 0;
			shellPath = /bin/sh;
			shellScript = "\"${SRCROOT}/Pods/Target Support Files/Pods-MyPod/Pods-MyPod-resources.sh\"\n";
			showEnvVarsInLog = 0;
		};
		535656F7CBF799331E4C4F72 /* [CP] Check Pods Manifest.lock */ = {
			isa = PBXShellScriptBuildPhase;
			buildActionMask = 2147483647;
			files = (
			);
			inputPaths = (
				"${PODS_PODFILE_DIR_PATH}/Podfile.lock",
				"${PODS_ROOT}/Manifest.lock",
			);
			name = "[CP] Check Pods Manifest.lock";
			outputPaths = (
				"$(DERIVED_FILE_DIR)/Pods-MyPod-checkManifestLockResult.txt",
			);
			runOnlyForDeploymentPostprocessing = 0;
			shellPath = /bin/sh;
			shellScript = "diff \"${PODS_PODFILE_DIR_PATH}/Podfile.lock\" \"${PODS_ROOT}/Manifest.lock\" > /dev/null\nif [ $? != 0 ] ; then\n    # print error to STDERR\n    echo \"error: The sandbox is not in sync with the Podfile.lock. Run 'pod install' or update your CocoaPods installation.\" >&2\n    exit 1\nfi\n# This output is used by Xcode 'outputs' to avoid re-running this script phase.\necho \"SUCCESS\" > \"${SCRIPT_OUTPUT_FILE_0}\"\n";
			showEnvVarsInLog = 0;
		};
		CAA9D4A9B008FBEBE807705A /* [CP] Embed Pods Frameworks */ = {
			isa = PBXShellScriptBuildPhase;
			buildActionMask = 2147483647;
			files = (
			);
			inputPaths = (
			);
			name = "[CP] Embed Pods Frameworks";
			outputPaths = (
			);
			runOnlyForDeploymentPostprocessing = 0;
			shellPath = /bin/sh;
			shellScript = "\"${SRCROOT}/Pods/Target Support Files/Pods-MyPod/Pods-MyPod-frameworks.sh\"\n";
			showEnvVarsInLog = 0;
		};
/* End PBXShellScriptBuildPhase section */

/* Begin PBXSourcesBuildPhase section */
		D1457A9120497FAA0038ED26 /* Sources */ = {
			isa = PBXSourcesBuildPhase;
			buildActionMask = 2147483647;
			files = (
				D131A2D1204EDD050059DD00 /* HelloPod.m in Sources */,
				D131A2D0204EDD050059DD00 /* CallOther.m in Sources */,
				D1457A9D20497FAA0038ED26 /* ViewController.m in Sources */,
				D1457AA820497FAA0038ED26 /* main.m in Sources */,
				D1457A9A20497FAA0038ED26 /* AppDelegate.m in Sources */,
			);
			runOnlyForDeploymentPostprocessing = 0;
		};
/* End PBXSourcesBuildPhase section */

/* Begin PBXVariantGroup section */
		D1457A9E20497FAA0038ED26 /* Main.storyboard */ = {
			isa = PBXVariantGroup;
			children = (
				D1457A9F20497FAA0038ED26 /* Base */,
			);
			name = Main.storyboard;
			sourceTree = "<group>";
		};
		D1457AA320497FAA0038ED26 /* LaunchScreen.storyboard */ = {
			isa = PBXVariantGroup;
			children = (
				D1457AA420497FAA0038ED26 /* Base */,
			);
			name = LaunchScreen.storyboard;
			sourceTree = "<group>";
		};
/* End PBXVariantGroup section */

/* Begin XCBuildConfiguration section */
		D1457AA920497FAA0038ED26 /* Debug */ = {
			isa = XCBuildConfiguration;
			buildSettings = {
				ALWAYS_SEARCH_USER_PATHS = NO;
				CLANG_ANALYZER_NONNULL = YES;
				CLANG_ANALYZER_NUMBER_OBJECT_CONVERSION = YES_AGGRESSIVE;
				CLANG_CXX_LANGUAGE_STANDARD = "gnu++14";
				CLANG_CXX_LIBRARY = "libc++";
				CLANG_ENABLE_MODULES = YES;
				CLANG_ENABLE_OBJC_ARC = YES;
				CLANG_WARN_BLOCK_CAPTURE_AUTORELEASING = YES;
				CLANG_WARN_BOOL_CONVERSION = YES;
				CLANG_WARN_COMMA = YES;
				CLANG_WARN_CONSTANT_CONVERSION = YES;
				CLANG_WARN_DIRECT_OBJC_ISA_USAGE = YES_ERROR;
				CLANG_WARN_DOCUMENTATION_COMMENTS = YES;
				CLANG_WARN_EMPTY_BODY = YES;
				CLANG_WARN_ENUM_CONVERSION = YES;
				CLANG_WARN_INFINITE_RECURSION = YES;
				CLANG_WARN_INT_CONVERSION = YES;
				CLANG_WARN_NON_LITERAL_NULL_CONVERSION = YES;
				CLANG_WARN_OBJC_LITERAL_CONVERSION = YES;
				CLANG_WARN_OBJC_ROOT_CLASS = YES_ERROR;
				CLANG_WARN_RANGE_LOOP_ANALYSIS = YES;
				CLANG_WARN_STRICT_PROTOTYPES = YES;
				CLANG_WARN_SUSPICIOUS_MOVE = YES;
				CLANG_WARN_UNGUARDED_AVAILABILITY = YES_AGGRESSIVE;
				CLANG_WARN_UNREACHABLE_CODE = YES;
				CLANG_WARN__DUPLICATE_METHOD_MATCH = YES;
				CODE_SIGN_IDENTITY = "iPhone Developer";
				COPY_PHASE_STRIP = NO;
				DEBUG_INFORMATION_FORMAT = dwarf;
				ENABLE_STRICT_OBJC_MSGSEND = YES;
				ENABLE_TESTABILITY = YES;
				GCC_C_LANGUAGE_STANDARD = gnu11;
				GCC_DYNAMIC_NO_PIC = NO;
				GCC_NO_COMMON_BLOCKS = YES;
				GCC_OPTIMIZATION_LEVEL = 0;
				GCC_PREPROCESSOR_DEFINITIONS = (
					"DEBUG=1",
					"$(inherited)",
				);
				GCC_WARN_64_TO_32_BIT_CONVERSION = YES;
				GCC_WARN_ABOUT_RETURN_TYPE = YES_ERROR;
				GCC_WARN_UNDECLARED_SELECTOR = YES;
				GCC_WARN_UNINITIALIZED_AUTOS = YES_AGGRESSIVE;
				GCC_WARN_UNUSED_FUNCTION = YES;
				GCC_WARN_UNUSED_VARIABLE = YES;
				IPHONEOS_DEPLOYMENT_TARGET = 11.2;
				MTL_ENABLE_DEBUG_INFO = YES;
				ONLY_ACTIVE_ARCH = YES;
				SDKROOT = iphoneos;
			};
			name = Debug;
		};
		D1457AAA20497FAA0038ED26 /* Release */ = {
			isa = XCBuildConfiguration;
			buildSettings = {
				ALWAYS_SEARCH_USER_PATHS = NO;
				CLANG_ANALYZER_NONNULL = YES;
				CLANG_ANALYZER_NUMBER_OBJECT_CONVERSION = YES_AGGRESSIVE;
				CLANG_CXX_LANGUAGE_STANDARD = "gnu++14";
				CLANG_CXX_LIBRARY = "libc++";
				CLANG_ENABLE_MODULES = YES;
				CLANG_ENABLE_OBJC_ARC = YES;
				CLANG_WARN_BLOCK_CAPTURE_AUTORELEASING = YES;
				CLANG_WARN_BOOL_CONVERSION = YES;
				CLANG_WARN_COMMA = YES;
				CLANG_WARN_CONSTANT_CONVERSION = YES;
				CLANG_WARN_DIRECT_OBJC_ISA_USAGE = YES_ERROR;
				CLANG_WARN_DOCUMENTATION_COMMENTS = YES;
				CLANG_WARN_EMPTY_BODY = YES;
				CLANG_WARN_ENUM_CONVERSION = YES;
				CLANG_WARN_INFINITE_RECURSION = YES;
				CLANG_WARN_INT_CONVERSION = YES;
				CLANG_WARN_NON_LITERAL_NULL_CONVERSION = YES;
				CLANG_WARN_OBJC_LITERAL_CONVERSION = YES;
				CLANG_WARN_OBJC_ROOT_CLASS = YES_ERROR;
				CLANG_WARN_RANGE_LOOP_ANALYSIS = YES;
				CLANG_WARN_STRICT_PROTOTYPES = YES;
				CLANG_WARN_SUSPICIOUS_MOVE = YES;
				CLANG_WARN_UNGUARDED_AVAILABILITY = YES_AGGRESSIVE;
				CLANG_WARN_UNREACHABLE_CODE = YES;
				CLANG_WARN__DUPLICATE_METHOD_MATCH = YES;
				CODE_SIGN_IDENTITY = "iPhone Developer";
				COPY_PHASE_STRIP = NO;
				DEBUG_INFORMATION_FORMAT = "dwarf-with-dsym";
				ENABLE_NS_ASSERTIONS = NO;
				ENABLE_STRICT_OBJC_MSGSEND = YES;
				GCC_C_LANGUAGE_STANDARD = gnu11;
				GCC_NO_COMMON_BLOCKS = YES;
				GCC_WARN_64_TO_32_BIT_CONVERSION = YES;
				GCC_WARN_ABOUT_RETURN_TYPE = YES_ERROR;
				GCC_WARN_UNDECLARED_SELECTOR = YES;
				GCC_WARN_UNINITIALIZED_AUTOS = YES_AGGRESSIVE;
				GCC_WARN_UNUSED_FUNCTION = YES;
				GCC_WARN_UNUSED_VARIABLE = YES;
				IPHONEOS_DEPLOYMENT_TARGET = 11.2;
				MTL_ENABLE_DEBUG_INFO = NO;
				SDKROOT = iphoneos;
				VALIDATE_PRODUCT = YES;
			};
			name = Release;
		};
		D1457AAC20497FAA0038ED26 /* Debug */ = {
			isa = XCBuildConfiguration;
			baseConfigurationReference = 8A97C428BFA13925EC5DAD02 /* Pods-MyPod.debug.xcconfig */;
			buildSettings = {
				ASSETCATALOG_COMPILER_APPICON_NAME = AppIcon;
				CLANG_ENABLE_MODULES = YES;
				CODE_SIGN_STYLE = Automatic;
				DEVELOPMENT_TEAM = VPHG5A9X3L;
				HEADER_SEARCH_PATHS = (
					"$(inherited)",
					"\"${PODS_ROOT}/Headers/Public\"",
					"\"${PODS_ROOT}/Headers/Public/AFNetworking\"",
					"\"$(PROJECT_DIR)/ElemPod\"/**",
				);
				INFOPLIST_FILE = MyPod/Info.plist;
				LD_RUNPATH_SEARCH_PATHS = "$(inherited) @executable_path/Frameworks";
				PRODUCT_BUNDLE_IDENTIFIER = com.laposte.MyPod;
				PRODUCT_NAME = "$(TARGET_NAME)";
				SWIFT_OPTIMIZATION_LEVEL = "-Onone";
				SWIFT_VERSION = 3.0;
				TARGETED_DEVICE_FAMILY = "1,2";
			};
			name = Debug;
		};
		D1457AAD20497FAA0038ED26 /* Release */ = {
			isa = XCBuildConfiguration;
			baseConfigurationReference = 14D1D1647C28137A6CEBC4E2 /* Pods-MyPod.release.xcconfig */;
			buildSettings = {
				ASSETCATALOG_COMPILER_APPICON_NAME = AppIcon;
				CLANG_ENABLE_MODULES = YES;
				CODE_SIGN_STYLE = Automatic;
				DEVELOPMENT_TEAM = VPHG5A9X3L;
				HEADER_SEARCH_PATHS = (
					"$(inherited)",
					"\"${PODS_ROOT}/Headers/Public\"",
					"\"${PODS_ROOT}/Headers/Public/AFNetworking\"",
					"\"$(PROJECT_DIR)/ElemPod\"/**",
				);
				INFOPLIST_FILE = MyPod/Info.plist;
				LD_RUNPATH_SEARCH_PATHS = "$(inherited) @executable_path/Frameworks";
				PRODUCT_BUNDLE_IDENTIFIER = com.laposte.MyPod;
				PRODUCT_NAME = "$(TARGET_NAME)";
				SWIFT_VERSION = 3.0;
				TARGETED_DEVICE_FAMILY = "1,2";
			};
			name = Release;
		};
/* End XCBuildConfiguration section */

/* Begin XCConfigurationList section */
		D1457A9020497FAA0038ED26 /* Build configuration list for PBXProject "MyPod" */ = {
			isa = XCConfigurationList;
			buildConfigurations = (
				D1457AA920497FAA0038ED26 /* Debug */,
				D1457AAA20497FAA0038ED26 /* Release */,
			);
			defaultConfigurationIsVisible = 0;
			defaultConfigurationName = Release;
		};
		D1457AAB20497FAA0038ED26 /* Build configuration list for PBXNativeTarget "MyPod" */ = {
			isa = XCConfigurationList;
			buildConfigurations = (
				D1457AAC20497FAA0038ED26 /* Debug */,
				D1457AAD20497FAA0038ED26 /* Release */,
			);
			defaultConfigurationIsVisible = 0;
			defaultConfigurationName = Release;
		};
/* End XCConfigurationList section */
	};
	rootObject = D1457A8D20497FAA0038ED26 /* Project object */;
}
